{
  "nodes": {
    "autoconfig": {
      "flake": false,
      "locked": {
        "lastModified": 1771930362,
        "narHash": "sha256-phTO75u5rqMvFrrNjBecfvPpLyojJvkCDWHkNFU5jK8=",
        "owner": "thunderbird",
        "repo": "autoconfig",
        "rev": "ddd01002de8a037df2bed395059799bb185f5052",
        "type": "github"
      },
      "original": {
        "owner": "thunderbird",
        "ref": "prod",
        "repo": "autoconfig",
        "type": "github"
      }
    },
    "dove": {
      "inputs": {
        "autoconfig": "autoconfig",
        "nixpkgs": [
          "nixpkgs"
        ],
        "phoenix": "phoenix"
      },
      "locked": {
        "lastModified": 1772931546,
        "narHash": "sha256-3sXJULwjnNB+1+OLlMEC19S3N2dSgM+xtUz8grXOeT0=",
        "ref": "pages",
        "rev": "8ff3f4d027e4aaf3441b7fe867535d9784453db8",
        "revCount": 736,
        "type": "git",
        "url": "https://gitlab.com/celenityy/Dove.git"
      },
      "original": {
        "ref": "pages",
        "type": "git",
        "url": "https://gitlab.com/celenityy/Dove.git"
      }
    },
    "flake-parts": {
      "inputs": {
        "nixpkgs-lib": "nixpkgs-lib"
      },
      "locked": {
        "lastModified": 1772408722,
        "narHash": "sha256-rHuJtdcOjK7rAHpHphUb1iCvgkU3GpfvicLMwwnfMT0=",
        "owner": "hercules-ci",
        "repo": "flake-parts",
        "rev": "f20dc5d9b8027381c474144ecabc9034d6a839a3",
        "type": "github"
      },
      "original": {
        "owner": "hercules-ci",
        "repo": "flake-parts",
        "type": "github"
      }
    },
    "nixpkgs": {
      "locked": {
        "lastModified": 1774386573,
        "narHash": "sha256-4hAV26quOxdC6iyG7kYaZcM3VOskcPUrdCQd/nx8obc=",
        "owner": "NixOS",
        "repo": "nixpkgs",
        "rev": "46db2e09e1d3f113a13c0d7b81e2f221c63b8ce9",
        "type": "github"
      },
      "original": {
        "owner": "NixOS",
        "ref": "nixos-unstable",
        "repo": "nixpkgs",
        "type": "github"
      }
    },
    "nixpkgs-lib": {
      "locked": {
        "lastModified": 1772328832,
        "narHash": "sha256-e+/T/pmEkLP6BHhYjx6GmwP5ivonQQn0bJdH9YrRB+Q=",
        "owner": "nix-community",
        "repo": "nixpkgs.lib",
        "rev": "c185c7a5e5dd8f9add5b2f8ebeff00888b070742",
        "type": "github"
      },
      "original": {
        "owner": "nix-community",
        "repo": "nixpkgs.lib",
        "type": "github"
      }
    },
    "phoenix": {
      "flake": false,
      "locked": {
        "lastModified": 1771882219,
        "narHash": "sha256-BSRt0nJOQYNVekar3y+eYerf8ELK8CC+m+sXJQ1hd5c=",
        "ref": "pages",
        "rev": "f972da120b774a1975f9584624402d783a66d722",
        "revCount": 2702,
        "type": "git",
        "url": "https://gitlab.com/celenityy/Phoenix"
      },
      "original": {
        "ref": "pages",
        "type": "git",
        "url": "https://gitlab.com/celenityy/Phoenix"
      }
    },
    "root": {
      "inputs": {
        "dove": "dove",
        "flake-parts": "flake-parts",
        "nixpkgs": "nixpkgs",
        "systems": "systems"
      }
    },
    "systems": {
      "locked": {
        "lastModified": 1680978846,
        "narHash": "sha256-Gtqg8b/v49BFDpDetjclCYXm8mAnTrUzR0JnE2nv5aw=",
        "owner": "nix-systems",
        "repo": "x86_64-linux",
        "rev": "2ecfcac5e15790ba6ce360ceccddb15ad16d08a8",
        "type": "github"
      },
      "original": {
        "owner": "nix-systems",
        "repo": "x86_64-linux",
        "type": "github"
      }
    }
  },
  "root": "root",
  "version": 7
}
