{
  "nodes": {
    "autoconfig": {
      "flake": false,
      "locked": {
        "lastModified": 1771930362,
        "narHash": "sha256-phTO75u5rqMvFrrNjBecfvPpLyojJvkCDWHkNFU5jK8=",
        "owner": "thunderbird",
        "repo": "autoconfig",
        "rev": "ddd01002de8a037df2bed395059799bb185f5052",
        "type": "github"
      },
      "original": {
        "owner": "thunderbird",
        "ref": "prod",
        "repo": "autoconfig",
        "type": "github"
      }
    },
    "dove": {
      "inputs": {
        "autoconfig": "autoconfig",
        "nixpkgs": [
          "nixpkgs"
        ],
        "phoenix": "phoenix"
      },
      "locked": {
        "lastModified": 1774990553,
        "narHash": "sha256-7gHmRi5g7L4sGYw8MZ4s2dMi9Pd+RItyhefR4cR3tAY=",
        "ref": "pages",
        "rev": "bce32c5bf2108ad42a741affd949545224409a8d",
        "revCount": 765,
        "type": "git",
        "url": "https://gitlab.com/celenityy/Dove.git"
      },
      "original": {
        "ref": "pages",
        "type": "git",
        "url": "https://gitlab.com/celenityy/Dove.git"
      }
    },
    "flake-parts": {
      "inputs": {
        "nixpkgs-lib": "nixpkgs-lib"
      },
      "locked": {
        "lastModified": 1775087534,
        "narHash": "sha256-91qqW8lhL7TLwgQWijoGBbiD4t7/q75KTi8NxjVmSmA=",
        "owner": "hercules-ci",
        "repo": "flake-parts",
        "rev": "3107b77cd68437b9a76194f0f7f9c55f2329ca5b",
        "type": "github"
      },
      "original": {
        "owner": "hercules-ci",
        "repo": "flake-parts",
        "type": "github"
      }
    },
    "nixpkgs": {
      "locked": {
        "lastModified": 1776169885,
        "narHash": "sha256-Gk2T0tDDDAs319hp/ak+bAIUG5bPMvnNEjPV8CS86Fg=",
        "rev": "4bd9165a9165d7b5e33ae57f3eecbcb28fb231c9",
        "type": "tarball",
        "url": "https://releases.nixos.org/nixos/unstable/nixos-26.05pre980183.4bd9165a9165/nixexprs.tar.xz"
      },
      "original": {
        "type": "tarball",
        "url": "https://channels.nixos.org/nixos-unstable/nixexprs.tar.xz"
      }
    },
    "nixpkgs-lib": {
      "locked": {
        "lastModified": 1774748309,
        "narHash": "sha256-+U7gF3qxzwD5TZuANzZPeJTZRHS29OFQgkQ2kiTJBIQ=",
        "owner": "nix-community",
        "repo": "nixpkgs.lib",
        "rev": "333c4e0545a6da976206c74db8773a1645b5870a",
        "type": "github"
      },
      "original": {
        "owner": "nix-community",
        "repo": "nixpkgs.lib",
        "type": "github"
      }
    },
    "phoenix": {
      "flake": false,
      "locked": {
        "lastModified": 1771882219,
        "narHash": "sha256-BSRt0nJOQYNVekar3y+eYerf8ELK8CC+m+sXJQ1hd5c=",
        "ref": "pages",
        "rev": "f972da120b774a1975f9584624402d783a66d722",
        "revCount": 2702,
        "type": "git",
        "url": "https://gitlab.com/celenityy/Phoenix"
      },
      "original": {
        "ref": "pages",
        "type": "git",
        "url": "https://gitlab.com/celenityy/Phoenix"
      }
    },
    "root": {
      "inputs": {
        "dove": "dove",
        "flake-parts": "flake-parts",
        "nixpkgs": "nixpkgs",
        "systems": "systems"
      }
    },
    "systems": {
      "locked": {
        "lastModified": 1680978846,
        "narHash": "sha256-Gtqg8b/v49BFDpDetjclCYXm8mAnTrUzR0JnE2nv5aw=",
        "owner": "nix-systems",
        "repo": "x86_64-linux",
        "rev": "2ecfcac5e15790ba6ce360ceccddb15ad16d08a8",
        "type": "github"
      },
      "original": {
        "owner": "nix-systems",
        "repo": "x86_64-linux",
        "type": "github"
      }
    }
  },
  "root": "root",
  "version": 7
}
