{
  "nodes": {
    "agenix": {
      "inputs": {
        "darwin": [],
        "home-manager": [
          "home-manager"
        ],
        "nixpkgs": [
          "nixpkgs-small"
        ],
        "systems": [
          "systems"
        ]
      },
      "locked": {
        "lastModified": 1754433428,
        "narHash": "sha256-NA/FT2hVhKDftbHSwVnoRTFhes62+7dxZbxj5Gxvghs=",
        "owner": "ryantm",
        "repo": "agenix",
        "rev": "9edb1787864c4f59ae5074ad498b6272b3ec308d",
        "type": "github"
      },
      "original": {
        "owner": "ryantm",
        "repo": "agenix",
        "type": "github"
      }
    },
    "flake-utils": {
      "inputs": {
        "systems": [
          "systems"
        ]
      },
      "locked": {
        "lastModified": 1731533236,
        "narHash": "sha256-l0KFg5HjrsfsO/JpG+r7fRrqm12kzFHyUHqHCVpMMbI=",
        "owner": "numtide",
        "repo": "flake-utils",
        "rev": "11707dc2f618dd54ca8739b309ec4fc024de578b",
        "type": "github"
      },
      "original": {
        "owner": "numtide",
        "repo": "flake-utils",
        "type": "github"
      }
    },
    "home-manager": {
      "inputs": {
        "nixpkgs": [
          "nixpkgs"
        ]
      },
      "locked": {
        "lastModified": 1754886238,
        "narHash": "sha256-LTQomWOwG70lZR+78ZYSZ9sYELWNq3HJ7/tdHzfif/s=",
        "owner": "nix-community",
        "repo": "home-manager",
        "rev": "0d492b89d1993579e63b9dbdaed17fd7824834da",
        "type": "github"
      },
      "original": {
        "owner": "nix-community",
        "repo": "home-manager",
        "type": "github"
      }
    },
    "nixpkgs": {
      "locked": {
        "lastModified": 1754725699,
        "narHash": "sha256-iAcj9T/Y+3DBy2J0N+yF9XQQQ8IEb5swLFzs23CdP88=",
        "owner": "NixOS",
        "repo": "nixpkgs",
        "rev": "85dbfc7aaf52ecb755f87e577ddbe6dbbdbc1054",
        "type": "github"
      },
      "original": {
        "owner": "NixOS",
        "ref": "nixos-unstable",
        "repo": "nixpkgs",
        "type": "github"
      }
    },
    "nixpkgs-small": {
      "locked": {
        "lastModified": 1754882787,
        "narHash": "sha256-Y2nY1s+ZS3vkVS72SsEa/zJe+j9JuwLbev4grzcHTA8=",
        "owner": "NixOS",
        "repo": "nixpkgs",
        "rev": "59ca61e5a844a0c35cdc272bc671c5d9b6840741",
        "type": "github"
      },
      "original": {
        "owner": "NixOS",
        "ref": "nixos-unstable-small",
        "repo": "nixpkgs",
        "type": "github"
      }
    },
    "nixpkgs-stable": {
      "locked": {
        "lastModified": 1754767907,
        "narHash": "sha256-8OnUzRQZkqtUol9vuUuQC30hzpMreKptNyET2T9lB6g=",
        "owner": "NixOS",
        "repo": "nixpkgs",
        "rev": "c5f08b62ed75415439d48152c2a784e36909b1bc",
        "type": "github"
      },
      "original": {
        "owner": "NixOS",
        "ref": "nixos-25.05",
        "repo": "nixpkgs",
        "type": "github"
      }
    },
    "root": {
      "inputs": {
        "agenix": "agenix",
        "flake-utils": "flake-utils",
        "home-manager": "home-manager",
        "nixpkgs": "nixpkgs",
        "nixpkgs-small": "nixpkgs-small",
        "nixpkgs-stable": "nixpkgs-stable",
        "systems": "systems",
        "wallpapers": "wallpapers",
        "zig-2048": "zig-2048",
        "zig2nix": "zig2nix",
        "zpotify": "zpotify"
      }
    },
    "systems": {
      "locked": {
        "lastModified": 1689347949,
        "narHash": "sha256-12tWmuL2zgBgZkdoB6qXZsgJEH9LR3oUgpaQq2RbI80=",
        "owner": "nix-systems",
        "repo": "default-linux",
        "rev": "31732fcf5e8fea42e59c2488ad31a0e651500f68",
        "type": "github"
      },
      "original": {
        "owner": "nix-systems",
        "repo": "default-linux",
        "type": "github"
      }
    },
    "wallpapers": {
      "flake": false,
      "locked": {
        "lastModified": 1753739793,
        "narHash": "sha256-HzGFKsJiLhLtGoJnlVe67+8p/igCyf8Qirq27QURaP4=",
        "owner": "ratakor",
        "repo": "wallpapers",
        "rev": "5e342adc928bfec36784979b617695ec24a014c0",
        "type": "github"
      },
      "original": {
        "owner": "ratakor",
        "repo": "wallpapers",
        "type": "github"
      }
    },
    "zig-2048": {
      "inputs": {
        "zig2nix": [
          "zig2nix"
        ]
      },
      "locked": {
        "lastModified": 1754313359,
        "narHash": "sha256-SpHLs8SAFpYdlXPaMAr19CDYTQil1XoZMhw4VP34WQg=",
        "owner": "ratakor",
        "repo": "2048.zig",
        "rev": "c73ee14e8bab4d2d036736654e0765eae248e7a0",
        "type": "github"
      },
      "original": {
        "owner": "ratakor",
        "repo": "2048.zig",
        "type": "github"
      }
    },
    "zig2nix": {
      "inputs": {
        "flake-utils": [
          "flake-utils"
        ],
        "nixpkgs": [
          "nixpkgs-small"
        ]
      },
      "locked": {
        "lastModified": 1754877750,
        "narHash": "sha256-p81L9nycGZlpCNoanlVLr7hjXj6S4l+AwH3AW/EsFFs=",
        "owner": "Cloudef",
        "repo": "zig2nix",
        "rev": "48c6d8c9c21db3154432fe436aa814687b22eddb",
        "type": "github"
      },
      "original": {
        "owner": "Cloudef",
        "repo": "zig2nix",
        "type": "github"
      }
    },
    "zpotify": {
      "inputs": {
        "zig2nix": [
          "zig2nix"
        ]
      },
      "locked": {
        "lastModified": 1754346805,
        "narHash": "sha256-RrBFhUmI/k4C7sDrHZDXSb76BgeNFNRwC+hhB+qCtnY=",
        "owner": "ratakor",
        "repo": "zpotify",
        "rev": "4a05de9d5de73a0f42c349801d9e20d8e9c3d1b6",
        "type": "github"
      },
      "original": {
        "owner": "ratakor",
        "repo": "zpotify",
        "type": "github"
      }
    }
  },
  "root": "root",
  "version": 7
}
